// !$*UTF8*$!
{
	archiveVersion = 1;
	classes = {
	};
	objectVersion = 55;
	objects = {

/* Begin PBXBuildFile section */
		121C34B728ABB05F00C4D710 /* MainCollectionView.swift in Sources */ = {isa = PBXBuildFile; fileRef = 121C34B628ABB05F00C4D710 /* MainCollectionView.swift */; };
		121C34B928ABBEF600C4D710 /* MainCollectionViewCell.swift in Sources */ = {isa = PBXBuildFile; fileRef = 121C34B828ABBEF600C4D710 /* MainCollectionViewCell.swift */; };
		12283C4D28ACFE1700876646 /* MainHeaderCollectionReusableView.swift in Sources */ = {isa = PBXBuildFile; fileRef = 12283C4C28ACFE1700876646 /* MainHeaderCollectionReusableView.swift */; };
		12358EE928CA0EB600D054BE /* SettingsViewController.swift in Sources */ = {isa = PBXBuildFile; fileRef = 12358EE828CA0EB600D054BE /* SettingsViewController.swift */; };
		12358EEB28CA15D500D054BE /* WeatherImages.swift in Sources */ = {isa = PBXBuildFile; fileRef = 12358EEA28CA15D500D054BE /* WeatherImages.swift */; };
		124414422893FC57002429EF /* LocationService.swift in Sources */ = {isa = PBXBuildFile; fileRef = 124414412893FC57002429EF /* LocationService.swift */; };
		124414442894137B002429EF /* WeatherConditions.swift in Sources */ = {isa = PBXBuildFile; fileRef = 124414432894137B002429EF /* WeatherConditions.swift */; };
		12741DC328D3C33800281920 /* Double.swift in Sources */ = {isa = PBXBuildFile; fileRef = 12741DC228D3C33800281920 /* Double.swift */; };
		1276C499289487A000986039 /* WeatherApi.swift in Sources */ = {isa = PBXBuildFile; fileRef = 1276C498289487A000986039 /* WeatherApi.swift */; };
		12981CC1288582B70032F16F /* WeatherForecastData.swift in Sources */ = {isa = PBXBuildFile; fileRef = 12981CC0288582B70032F16F /* WeatherForecastData.swift */; };
		12B5ECF728D3BDEB00C084B9 /* String.swift in Sources */ = {isa = PBXBuildFile; fileRef = 12B5ECF628D3BDEB00C084B9 /* String.swift */; };
		12C8DABD28B3A57B00D515DD /* UILabel.swift in Sources */ = {isa = PBXBuildFile; fileRef = 12C8DABC28B3A57B00D515DD /* UILabel.swift */; };
		12C8DABF28B3A5AF00D515DD /* UITableVIew.swift in Sources */ = {isa = PBXBuildFile; fileRef = 12C8DABE28B3A5AF00D515DD /* UITableVIew.swift */; };
		12C8DAC128B3A5E700D515DD /* UICollectionView.swift in Sources */ = {isa = PBXBuildFile; fileRef = 12C8DAC028B3A5E700D515DD /* UICollectionView.swift */; };
		12C8DAC328B3B6C300D515DD /* UIImageView.swift in Sources */ = {isa = PBXBuildFile; fileRef = 12C8DAC228B3B6C300D515DD /* UIImageView.swift */; };
		12C8DAC628B4038E00D515DD /* UIScrollView.swift in Sources */ = {isa = PBXBuildFile; fileRef = 12C8DAC528B4038E00D515DD /* UIScrollView.swift */; };
		12C8DAC828B405AB00D515DD /* WeatherCurrentData.swift in Sources */ = {isa = PBXBuildFile; fileRef = 12C8DAC728B405AB00D515DD /* WeatherCurrentData.swift */; };
		12DF325128A59FEC00E2EE6C /* MainTableViewHeader.swift in Sources */ = {isa = PBXBuildFile; fileRef = 12DF325028A59FEC00E2EE6C /* MainTableViewHeader.swift */; };
		12DF325528A5B40B00E2EE6C /* UIView.swift in Sources */ = {isa = PBXBuildFile; fileRef = 12DF325428A5B40B00E2EE6C /* UIView.swift */; };
		12DF325928A684EA00E2EE6C /* MainTableView.swift in Sources */ = {isa = PBXBuildFile; fileRef = 12DF325828A684E900E2EE6C /* MainTableView.swift */; };
		12E63C0128CCC59A007E5F4F /* LocationsViewController.swift in Sources */ = {isa = PBXBuildFile; fileRef = 12E63C0028CCC59A007E5F4F /* LocationsViewController.swift */; };
		12E63C0728CCC90B007E5F4F /* LocationsTableViewCell.swift in Sources */ = {isa = PBXBuildFile; fileRef = 12E63C0628CCC90B007E5F4F /* LocationsTableViewCell.swift */; };
		12E63C0928CCCD48007E5F4F /* LocationsTableView.swift in Sources */ = {isa = PBXBuildFile; fileRef = 12E63C0828CCCD48007E5F4F /* LocationsTableView.swift */; };
		12EB866F289939D7002F31FD /* MainTableViewCell.swift in Sources */ = {isa = PBXBuildFile; fileRef = 12EB866E289939D7002F31FD /* MainTableViewCell.swift */; };
		12F6B7D82885928700CCA40E /* NetworkManager.swift in Sources */ = {isa = PBXBuildFile; fileRef = 12F6B7D72885928700CCA40E /* NetworkManager.swift */; };
		12FC0CDA28627AD700FDCCEA /* AppDelegate.swift in Sources */ = {isa = PBXBuildFile; fileRef = 12FC0CD928627AD700FDCCEA /* AppDelegate.swift */; };
		12FC0CDC28627AD700FDCCEA /* SceneDelegate.swift in Sources */ = {isa = PBXBuildFile; fileRef = 12FC0CDB28627AD700FDCCEA /* SceneDelegate.swift */; };
		12FC0CDE28627AD700FDCCEA /* MainViewController.swift in Sources */ = {isa = PBXBuildFile; fileRef = 12FC0CDD28627AD700FDCCEA /* MainViewController.swift */; };
		12FC0CE328627AD900FDCCEA /* Assets.xcassets in Resources */ = {isa = PBXBuildFile; fileRef = 12FC0CE228627AD900FDCCEA /* Assets.xcassets */; };
		12FC0CE628627AD900FDCCEA /* LaunchScreen.storyboard in Resources */ = {isa = PBXBuildFile; fileRef = 12FC0CE428627AD900FDCCEA /* LaunchScreen.storyboard */; };
/* End PBXBuildFile section */

/* Begin PBXFileReference section */
		121C34B628ABB05F00C4D710 /* MainCollectionView.swift */ = {isa = PBXFileReference; lastKnownFileType = sourcecode.swift; path = MainCollectionView.swift; sourceTree = "<group>"; };
		121C34B828ABBEF600C4D710 /* MainCollectionViewCell.swift */ = {isa = PBXFileReference; lastKnownFileType = sourcecode.swift; path = MainCollectionViewCell.swift; sourceTree = "<group>"; };
		12283C4C28ACFE1700876646 /* MainHeaderCollectionReusableView.swift */ = {isa = PBXFileReference; lastKnownFileType = sourcecode.swift; path = MainHeaderCollectionReusableView.swift; sourceTree = "<group>"; };
		12358EE828CA0EB600D054BE /* SettingsViewController.swift */ = {isa = PBXFileReference; lastKnownFileType = sourcecode.swift; path = SettingsViewController.swift; sourceTree = "<group>"; };
		12358EEA28CA15D500D054BE /* WeatherImages.swift */ = {isa = PBXFileReference; lastKnownFileType = sourcecode.swift; path = WeatherImages.swift; sourceTree = "<group>"; };
		124414412893FC57002429EF /* LocationService.swift */ = {isa = PBXFileReference; lastKnownFileType = sourcecode.swift; path = LocationService.swift; sourceTree = "<group>"; };
		124414432894137B002429EF /* WeatherConditions.swift */ = {isa = PBXFileReference; lastKnownFileType = sourcecode.swift; path = WeatherConditions.swift; sourceTree = "<group>"; };
		12741DC228D3C33800281920 /* Double.swift */ = {isa = PBXFileReference; lastKnownFileType = sourcecode.swift; path = Double.swift; sourceTree = "<group>"; };
		1276C498289487A000986039 /* WeatherApi.swift */ = {isa = PBXFileReference; lastKnownFileType = sourcecode.swift; path = WeatherApi.swift; sourceTree = "<group>"; };
		12981CC0288582B70032F16F /* WeatherForecastData.swift */ = {isa = PBXFileReference; lastKnownFileType = sourcecode.swift; path = WeatherForecastData.swift; sourceTree = "<group>"; };
		12B5ECF628D3BDEB00C084B9 /* String.swift */ = {isa = PBXFileReference; lastKnownFileType = sourcecode.swift; path = String.swift; sourceTree = "<group>"; };
		12C8DABC28B3A57B00D515DD /* UILabel.swift */ = {isa = PBXFileReference; lastKnownFileType = sourcecode.swift; path = UILabel.swift; sourceTree = "<group>"; };
		12C8DABE28B3A5AF00D515DD /* UITableVIew.swift */ = {isa = PBXFileReference; lastKnownFileType = sourcecode.swift; path = UITableVIew.swift; sourceTree = "<group>"; };
		12C8DAC028B3A5E700D515DD /* UICollectionView.swift */ = {isa = PBXFileReference; lastKnownFileType = sourcecode.swift; path = UICollectionView.swift; sourceTree = "<group>"; };
		12C8DAC228B3B6C300D515DD /* UIImageView.swift */ = {isa = PBXFileReference; lastKnownFileType = sourcecode.swift; path = UIImageView.swift; sourceTree = "<group>"; };
		12C8DAC528B4038E00D515DD /* UIScrollView.swift */ = {isa = PBXFileReference; lastKnownFileType = sourcecode.swift; path = UIScrollView.swift; sourceTree = "<group>"; };
		12C8DAC728B405AB00D515DD /* WeatherCurrentData.swift */ = {isa = PBXFileReference; lastKnownFileType = sourcecode.swift; path = WeatherCurrentData.swift; sourceTree = "<group>"; };
		12DF325028A59FEC00E2EE6C /* MainTableViewHeader.swift */ = {isa = PBXFileReference; lastKnownFileType = sourcecode.swift; path = MainTableViewHeader.swift; sourceTree = "<group>"; };
		12DF325428A5B40B00E2EE6C /* UIView.swift */ = {isa = PBXFileReference; lastKnownFileType = sourcecode.swift; path = UIView.swift; sourceTree = "<group>"; };
		12DF325828A684E900E2EE6C /* MainTableView.swift */ = {isa = PBXFileReference; lastKnownFileType = sourcecode.swift; path = MainTableView.swift; sourceTree = "<group>"; };
		12E63C0028CCC59A007E5F4F /* LocationsViewController.swift */ = {isa = PBXFileReference; lastKnownFileType = sourcecode.swift; path = LocationsViewController.swift; sourceTree = "<group>"; };
		12E63C0628CCC90B007E5F4F /* LocationsTableViewCell.swift */ = {isa = PBXFileReference; lastKnownFileType = sourcecode.swift; path = LocationsTableViewCell.swift; sourceTree = "<group>"; };
		12E63C0828CCCD48007E5F4F /* LocationsTableView.swift */ = {isa = PBXFileReference; lastKnownFileType = sourcecode.swift; path = LocationsTableView.swift; sourceTree = "<group>"; };
		12EB866E289939D7002F31FD /* MainTableViewCell.swift */ = {isa = PBXFileReference; lastKnownFileType = sourcecode.swift; path = MainTableViewCell.swift; sourceTree = "<group>"; };
		12F6B7D72885928700CCA40E /* NetworkManager.swift */ = {isa = PBXFileReference; lastKnownFileType = sourcecode.swift; path = NetworkManager.swift; sourceTree = "<group>"; };
		12FC0CD628627AD700FDCCEA /* WeatherApp.app */ = {isa = PBXFileReference; explicitFileType = wrapper.application; includeInIndex = 0; path = WeatherApp.app; sourceTree = BUILT_PRODUCTS_DIR; };
		12FC0CD928627AD700FDCCEA /* AppDelegate.swift */ = {isa = PBXFileReference; lastKnownFileType = sourcecode.swift; path = AppDelegate.swift; sourceTree = "<group>"; };
		12FC0CDB28627AD700FDCCEA /* SceneDelegate.swift */ = {isa = PBXFileReference; lastKnownFileType = sourcecode.swift; path = SceneDelegate.swift; sourceTree = "<group>"; };
		12FC0CDD28627AD700FDCCEA /* MainViewController.swift */ = {isa = PBXFileReference; lastKnownFileType = sourcecode.swift; path = MainViewController.swift; sourceTree = "<group>"; };
		12FC0CE228627AD900FDCCEA /* Assets.xcassets */ = {isa = PBXFileReference; lastKnownFileType = folder.assetcatalog; path = Assets.xcassets; sourceTree = "<group>"; };
		12FC0CE528627AD900FDCCEA /* Base */ = {isa = PBXFileReference; lastKnownFileType = file.storyboard; name = Base; path = Base.lproj/LaunchScreen.storyboard; sourceTree = "<group>"; };
		12FC0CE728627AD900FDCCEA /* Info.plist */ = {isa = PBXFileReference; lastKnownFileType = text.plist.xml; path = Info.plist; sourceTree = "<group>"; };
/* End PBXFileReference section */

/* Begin PBXFrameworksBuildPhase section */
		12FC0CD328627AD700FDCCEA /* Frameworks */ = {
			isa = PBXFrameworksBuildPhase;
			buildActionMask = 2147483647;
			files = (
			);
			runOnlyForDeploymentPostprocessing = 0;
		};
/* End PBXFrameworksBuildPhase section */

/* Begin PBXGroup section */
		12358EEC28CA8C5B00D054BE /* TablieView */ = {
			isa = PBXGroup;
			children = (
				12DF325828A684E900E2EE6C /* MainTableView.swift */,
				12EB866E289939D7002F31FD /* MainTableViewCell.swift */,
				12DF325028A59FEC00E2EE6C /* MainTableViewHeader.swift */,
			);
			path = TablieView;
			sourceTree = "<group>";
		};
		12358EED28CA8C6C00D054BE /* CollectionView */ = {
			isa = PBXGroup;
			children = (
				12283C4C28ACFE1700876646 /* MainHeaderCollectionReusableView.swift */,
				121C34B828ABBEF600C4D710 /* MainCollectionViewCell.swift */,
				121C34B628ABB05F00C4D710 /* MainCollectionView.swift */,
			);
			path = CollectionView;
			sourceTree = "<group>";
		};
		12981CBF288582550032F16F /* Models */ = {
			isa = PBXGroup;
			children = (
				12981CC0288582B70032F16F /* WeatherForecastData.swift */,
				12C8DAC728B405AB00D515DD /* WeatherCurrentData.swift */,
				124414432894137B002429EF /* WeatherConditions.swift */,
				12358EEA28CA15D500D054BE /* WeatherImages.swift */,
			);
			path = Models;
			sourceTree = "<group>";
		};
		12C0D54328B4F22A0086430B /* SupportingFiles */ = {
			isa = PBXGroup;
			children = (
				12FC0CD928627AD700FDCCEA /* AppDelegate.swift */,
				12FC0CDB28627AD700FDCCEA /* SceneDelegate.swift */,
				12FC0CE428627AD900FDCCEA /* LaunchScreen.storyboard */,
				12FC0CE728627AD900FDCCEA /* Info.plist */,
			);
			path = SupportingFiles;
			sourceTree = "<group>";
		};
		12C8DAC428B4025800D515DD /* ViewControllers */ = {
			isa = PBXGroup;
			children = (
				12E63C0228CCC8A8007E5F4F /* MainViewController */,
				12E63C0328CCC8BC007E5F4F /* SettingsViewController */,
				12E63C0428CCC8C9007E5F4F /* LocationsTableViewController */,
			);
			path = ViewControllers;
			sourceTree = "<group>";
		};
		12C8DACA28B4CEE200D515DD /* Source */ = {
			isa = PBXGroup;
			children = (
				12FC0CE228627AD900FDCCEA /* Assets.xcassets */,
			);
			path = Source;
			sourceTree = "<group>";
		};
		12DF325328A5B3D700E2EE6C /* Extensions */ = {
			isa = PBXGroup;
			children = (
				12DF325428A5B40B00E2EE6C /* UIView.swift */,
				12C8DABE28B3A5AF00D515DD /* UITableVIew.swift */,
				12C8DABC28B3A57B00D515DD /* UILabel.swift */,
				12C8DAC028B3A5E700D515DD /* UICollectionView.swift */,
				12C8DAC228B3B6C300D515DD /* UIImageView.swift */,
				12C8DAC528B4038E00D515DD /* UIScrollView.swift */,
				12B5ECF628D3BDEB00C084B9 /* String.swift */,
				12741DC228D3C33800281920 /* Double.swift */,
			);
			path = Extensions;
			sourceTree = "<group>";
		};
		12E63C0228CCC8A8007E5F4F /* MainViewController */ = {
			isa = PBXGroup;
			children = (
				12FC0CDD28627AD700FDCCEA /* MainViewController.swift */,
				12EB866D289939AF002F31FD /* Views */,
			);
			path = MainViewController;
			sourceTree = "<group>";
		};
		12E63C0328CCC8BC007E5F4F /* SettingsViewController */ = {
			isa = PBXGroup;
			children = (
				12358EE828CA0EB600D054BE /* SettingsViewController.swift */,
			);
			path = SettingsViewController;
			sourceTree = "<group>";
		};
		12E63C0428CCC8C9007E5F4F /* LocationsTableViewController */ = {
			isa = PBXGroup;
			children = (
				12E63C0028CCC59A007E5F4F /* LocationsViewController.swift */,
				12E63C0528CCC8F1007E5F4F /* Views */,
			);
			path = LocationsTableViewController;
			sourceTree = "<group>";
		};
		12E63C0528CCC8F1007E5F4F /* Views */ = {
			isa = PBXGroup;
			children = (
				12E63C0828CCCD48007E5F4F /* LocationsTableView.swift */,
				12E63C0628CCC90B007E5F4F /* LocationsTableViewCell.swift */,
			);
			path = Views;
			sourceTree = "<group>";
		};
		12E63C0A28CF2F7F007E5F4F /* Constants */ = {
			isa = PBXGroup;
			children = (
				1276C498289487A000986039 /* WeatherApi.swift */,
			);
			path = Constants;
			sourceTree = "<group>";
		};
		12EB866D289939AF002F31FD /* Views */ = {
			isa = PBXGroup;
			children = (
				12358EED28CA8C6C00D054BE /* CollectionView */,
				12358EEC28CA8C5B00D054BE /* TablieView */,
			);
			path = Views;
			sourceTree = "<group>";
		};
		12F6B7D62885926F00CCA40E /* Services */ = {
			isa = PBXGroup;
			children = (
				12F6B7D72885928700CCA40E /* NetworkManager.swift */,
				124414412893FC57002429EF /* LocationService.swift */,
			);
			path = Services;
			sourceTree = "<group>";
		};
		12FC0CCD28627AD700FDCCEA = {
			isa = PBXGroup;
			children = (
				12FC0CD828627AD700FDCCEA /* WeatherApp */,
				12FC0CD728627AD700FDCCEA /* Products */,
			);
			sourceTree = "<group>";
		};
		12FC0CD728627AD700FDCCEA /* Products */ = {
			isa = PBXGroup;
			children = (
				12FC0CD628627AD700FDCCEA /* WeatherApp.app */,
			);
			name = Products;
			sourceTree = "<group>";
		};
		12FC0CD828627AD700FDCCEA /* WeatherApp */ = {
			isa = PBXGroup;
			children = (
				12C0D54328B4F22A0086430B /* SupportingFiles */,
				12981CBF288582550032F16F /* Models */,
				12C8DAC428B4025800D515DD /* ViewControllers */,
				12F6B7D62885926F00CCA40E /* Services */,
				12C8DACA28B4CEE200D515DD /* Source */,
				12E63C0A28CF2F7F007E5F4F /* Constants */,
				12DF325328A5B3D700E2EE6C /* Extensions */,
			);
			path = WeatherApp;
			sourceTree = "<group>";
		};
/* End PBXGroup section */

/* Begin PBXNativeTarget section */
		12FC0CD528627AD700FDCCEA /* WeatherApp */ = {
			isa = PBXNativeTarget;
			buildConfigurationList = 12FC0CEA28627AD900FDCCEA /* Build configuration list for PBXNativeTarget "WeatherApp" */;
			buildPhases = (
				12B5ECF528D34A0800C084B9 /* ShellScript */,
				12FC0CD228627AD700FDCCEA /* Sources */,
				12FC0CD328627AD700FDCCEA /* Frameworks */,
				12FC0CD428627AD700FDCCEA /* Resources */,
			);
			buildRules = (
			);
			dependencies = (
			);
			name = WeatherApp;
			productName = WeatherApp;
			productReference = 12FC0CD628627AD700FDCCEA /* WeatherApp.app */;
			productType = "com.apple.product-type.application";
		};
/* End PBXNativeTarget section */

/* Begin PBXProject section */
		12FC0CCE28627AD700FDCCEA /* Project object */ = {
			isa = PBXProject;
			attributes = {
				BuildIndependentTargetsInParallel = 1;
				LastSwiftUpdateCheck = 1340;
				LastUpgradeCheck = 1340;
				TargetAttributes = {
					12FC0CD528627AD700FDCCEA = {
						CreatedOnToolsVersion = 13.4.1;
					};
				};
			};
			buildConfigurationList = 12FC0CD128627AD700FDCCEA /* Build configuration list for PBXProject "WeatherApp" */;
			compatibilityVersion = "Xcode 13.0";
			developmentRegion = en;
			hasScannedForEncodings = 0;
			knownRegions = (
				en,
				Base,
			);
			mainGroup = 12FC0CCD28627AD700FDCCEA;
			productRefGroup = 12FC0CD728627AD700FDCCEA /* Products */;
			projectDirPath = "";
			projectRoot = "";
			targets = (
				12FC0CD528627AD700FDCCEA /* WeatherApp */,
			);
		};
/* End PBXProject section */

/* Begin PBXResourcesBuildPhase section */
		12FC0CD428627AD700FDCCEA /* Resources */ = {
			isa = PBXResourcesBuildPhase;
			buildActionMask = 2147483647;
			files = (
				12FC0CE628627AD900FDCCEA /* LaunchScreen.storyboard in Resources */,
				12FC0CE328627AD900FDCCEA /* Assets.xcassets in Resources */,
			);
			runOnlyForDeploymentPostprocessing = 0;
		};
/* End PBXResourcesBuildPhase section */

/* Begin PBXShellScriptBuildPhase section */
		12B5ECF528D34A0800C084B9 /* ShellScript */ = {
			isa = PBXShellScriptBuildPhase;
			buildActionMask = 2147483647;
			files = (
			);
			inputFileListPaths = (
			);
			inputPaths = (
			);
			outputFileListPaths = (
			);
			outputPaths = (
			);
			runOnlyForDeploymentPostprocessing = 0;
			shellPath = /bin/sh;
			shellScript = "#if which swiftlint >/dev/null; then\n#swiftlint\n#echo \"skip\"\n#else\n#echo \"warning: SwiftLint not installed, download from https://github.com/realm/SwiftLint\"\n#fi\n";
		};
/* End PBXShellScriptBuildPhase section */

/* Begin PBXSourcesBuildPhase section */
		12FC0CD228627AD700FDCCEA /* Sources */ = {
			isa = PBXSourcesBuildPhase;
			buildActionMask = 2147483647;
			files = (
				12358EEB28CA15D500D054BE /* WeatherImages.swift in Sources */,
				12FC0CDE28627AD700FDCCEA /* MainViewController.swift in Sources */,
				12C8DABF28B3A5AF00D515DD /* UITableVIew.swift in Sources */,
				12B5ECF728D3BDEB00C084B9 /* String.swift in Sources */,
				12FC0CDA28627AD700FDCCEA /* AppDelegate.swift in Sources */,
				12E63C0928CCCD48007E5F4F /* LocationsTableView.swift in Sources */,
				12741DC328D3C33800281920 /* Double.swift in Sources */,
				12C8DAC828B405AB00D515DD /* WeatherCurrentData.swift in Sources */,
				12DF325128A59FEC00E2EE6C /* MainTableViewHeader.swift in Sources */,
				124414442894137B002429EF /* WeatherConditions.swift in Sources */,
				12C8DAC628B4038E00D515DD /* UIScrollView.swift in Sources */,
				12E63C0128CCC59A007E5F4F /* LocationsViewController.swift in Sources */,
				124414422893FC57002429EF /* LocationService.swift in Sources */,
				121C34B728ABB05F00C4D710 /* MainCollectionView.swift in Sources */,
				12C8DABD28B3A57B00D515DD /* UILabel.swift in Sources */,
				12358EE928CA0EB600D054BE /* SettingsViewController.swift in Sources */,
				12DF325928A684EA00E2EE6C /* MainTableView.swift in Sources */,
				12F6B7D82885928700CCA40E /* NetworkManager.swift in Sources */,
				1276C499289487A000986039 /* WeatherApi.swift in Sources */,
				12FC0CDC28627AD700FDCCEA /* SceneDelegate.swift in Sources */,
				12C8DAC328B3B6C300D515DD /* UIImageView.swift in Sources */,
				12C8DAC128B3A5E700D515DD /* UICollectionView.swift in Sources */,
				121C34B928ABBEF600C4D710 /* MainCollectionViewCell.swift in Sources */,
				12E63C0728CCC90B007E5F4F /* LocationsTableViewCell.swift in Sources */,
				12EB866F289939D7002F31FD /* MainTableViewCell.swift in Sources */,
				12DF325528A5B40B00E2EE6C /* UIView.swift in Sources */,
				12283C4D28ACFE1700876646 /* MainHeaderCollectionReusableView.swift in Sources */,
				12981CC1288582B70032F16F /* WeatherForecastData.swift in Sources */,
			);
			runOnlyForDeploymentPostprocessing = 0;
		};
/* End PBXSourcesBuildPhase section */

/* Begin PBXVariantGroup section */
		12FC0CE428627AD900FDCCEA /* LaunchScreen.storyboard */ = {
			isa = PBXVariantGroup;
			children = (
				12FC0CE528627AD900FDCCEA /* Base */,
			);
			name = LaunchScreen.storyboard;
			sourceTree = "<group>";
		};
/* End PBXVariantGroup section */

/* Begin XCBuildConfiguration section */
		12FC0CE828627AD900FDCCEA /* Debug */ = {
			isa = XCBuildConfiguration;
			buildSettings = {
				ALWAYS_SEARCH_USER_PATHS = NO;
				CLANG_ANALYZER_NONNULL = YES;
				CLANG_ANALYZER_NUMBER_OBJECT_CONVERSION = YES_AGGRESSIVE;
				CLANG_CXX_LANGUAGE_STANDARD = "gnu++17";
				CLANG_ENABLE_MODULES = YES;
				CLANG_ENABLE_OBJC_ARC = YES;
				CLANG_ENABLE_OBJC_WEAK = YES;
				CLANG_WARN_BLOCK_CAPTURE_AUTORELEASING = YES;
				CLANG_WARN_BOOL_CONVERSION = YES;
				CLANG_WARN_COMMA = YES;
				CLANG_WARN_CONSTANT_CONVERSION = YES;
				CLANG_WARN_DEPRECATED_OBJC_IMPLEMENTATIONS = YES;
				CLANG_WARN_DIRECT_OBJC_ISA_USAGE = YES_ERROR;
				CLANG_WARN_DOCUMENTATION_COMMENTS = YES;
				CLANG_WARN_EMPTY_BODY = YES;
				CLANG_WARN_ENUM_CONVERSION = YES;
				CLANG_WARN_INFINITE_RECURSION = YES;
				CLANG_WARN_INT_CONVERSION = YES;
				CLANG_WARN_NON_LITERAL_NULL_CONVERSION = YES;
				CLANG_WARN_OBJC_IMPLICIT_RETAIN_SELF = YES;
				CLANG_WARN_OBJC_LITERAL_CONVERSION = YES;
				CLANG_WARN_OBJC_ROOT_CLASS = YES_ERROR;
				CLANG_WARN_QUOTED_INCLUDE_IN_FRAMEWORK_HEADER = YES;
				CLANG_WARN_RANGE_LOOP_ANALYSIS = YES;
				CLANG_WARN_STRICT_PROTOTYPES = YES;
				CLANG_WARN_SUSPICIOUS_MOVE = YES;
				CLANG_WARN_UNGUARDED_AVAILABILITY = YES_AGGRESSIVE;
				CLANG_WARN_UNREACHABLE_CODE = YES;
				CLANG_WARN__DUPLICATE_METHOD_MATCH = YES;
				COPY_PHASE_STRIP = NO;
				DEBUG_INFORMATION_FORMAT = dwarf;
				ENABLE_STRICT_OBJC_MSGSEND = YES;
				ENABLE_TESTABILITY = YES;
				GCC_C_LANGUAGE_STANDARD = gnu11;
				GCC_DYNAMIC_NO_PIC = NO;
				GCC_NO_COMMON_BLOCKS = YES;
				GCC_OPTIMIZATION_LEVEL = 0;
				GCC_PREPROCESSOR_DEFINITIONS = (
					"DEBUG=1",
					"$(inherited)",
				);
				GCC_WARN_64_TO_32_BIT_CONVERSION = YES;
				GCC_WARN_ABOUT_RETURN_TYPE = YES_ERROR;
				GCC_WARN_UNDECLARED_SELECTOR = YES;
				GCC_WARN_UNINITIALIZED_AUTOS = YES_AGGRESSIVE;
				GCC_WARN_UNUSED_FUNCTION = YES;
				GCC_WARN_UNUSED_VARIABLE = YES;
				IPHONEOS_DEPLOYMENT_TARGET = 15.5;
				MTL_ENABLE_DEBUG_INFO = INCLUDE_SOURCE;
				MTL_FAST_MATH = YES;
				ONLY_ACTIVE_ARCH = YES;
				SDKROOT = iphoneos;
				SWIFT_ACTIVE_COMPILATION_CONDITIONS = DEBUG;
				SWIFT_OPTIMIZATION_LEVEL = "-Onone";
			};
			name = Debug;
		};
		12FC0CE928627AD900FDCCEA /* Release */ = {
			isa = XCBuildConfiguration;
			buildSettings = {
				ALWAYS_SEARCH_USER_PATHS = NO;
				CLANG_ANALYZER_NONNULL = YES;
				CLANG_ANALYZER_NUMBER_OBJECT_CONVERSION = YES_AGGRESSIVE;
				CLANG_CXX_LANGUAGE_STANDARD = "gnu++17";
				CLANG_ENABLE_MODULES = YES;
				CLANG_ENABLE_OBJC_ARC = YES;
				CLANG_ENABLE_OBJC_WEAK = YES;
				CLANG_WARN_BLOCK_CAPTURE_AUTORELEASING = YES;
				CLANG_WARN_BOOL_CONVERSION = YES;
				CLANG_WARN_COMMA = YES;
				CLANG_WARN_CONSTANT_CONVERSION = YES;
				CLANG_WARN_DEPRECATED_OBJC_IMPLEMENTATIONS = YES;
				CLANG_WARN_DIRECT_OBJC_ISA_USAGE = YES_ERROR;
				CLANG_WARN_DOCUMENTATION_COMMENTS = YES;
				CLANG_WARN_EMPTY_BODY = YES;
				CLANG_WARN_ENUM_CONVERSION = YES;
				CLANG_WARN_INFINITE_RECURSION = YES;
				CLANG_WARN_INT_CONVERSION = YES;
				CLANG_WARN_NON_LITERAL_NULL_CONVERSION = YES;
				CLANG_WARN_OBJC_IMPLICIT_RETAIN_SELF = YES;
				CLANG_WARN_OBJC_LITERAL_CONVERSION = YES;
				CLANG_WARN_OBJC_ROOT_CLASS = YES_ERROR;
				CLANG_WARN_QUOTED_INCLUDE_IN_FRAMEWORK_HEADER = YES;
				CLANG_WARN_RANGE_LOOP_ANALYSIS = YES;
				CLANG_WARN_STRICT_PROTOTYPES = YES;
				CLANG_WARN_SUSPICIOUS_MOVE = YES;
				CLANG_WARN_UNGUARDED_AVAILABILITY = YES_AGGRESSIVE;
				CLANG_WARN_UNREACHABLE_CODE = YES;
				CLANG_WARN__DUPLICATE_METHOD_MATCH = YES;
				COPY_PHASE_STRIP = NO;
				DEBUG_INFORMATION_FORMAT = "dwarf-with-dsym";
				ENABLE_NS_ASSERTIONS = NO;
				ENABLE_STRICT_OBJC_MSGSEND = YES;
				GCC_C_LANGUAGE_STANDARD = gnu11;
				GCC_NO_COMMON_BLOCKS = YES;
				GCC_WARN_64_TO_32_BIT_CONVERSION = YES;
				GCC_WARN_ABOUT_RETURN_TYPE = YES_ERROR;
				GCC_WARN_UNDECLARED_SELECTOR = YES;
				GCC_WARN_UNINITIALIZED_AUTOS = YES_AGGRESSIVE;
				GCC_WARN_UNUSED_FUNCTION = YES;
				GCC_WARN_UNUSED_VARIABLE = YES;
				IPHONEOS_DEPLOYMENT_TARGET = 15.5;
				MTL_ENABLE_DEBUG_INFO = NO;
				MTL_FAST_MATH = YES;
				SDKROOT = iphoneos;
				SWIFT_COMPILATION_MODE = wholemodule;
				SWIFT_OPTIMIZATION_LEVEL = "-O";
				VALIDATE_PRODUCT = YES;
			};
			name = Release;
		};
		12FC0CEB28627AD900FDCCEA /* Debug */ = {
			isa = XCBuildConfiguration;
			buildSettings = {
				ASSETCATALOG_COMPILER_APPICON_NAME = AppIcon;
				ASSETCATALOG_COMPILER_GLOBAL_ACCENT_COLOR_NAME = AccentColor;
				CODE_SIGN_STYLE = Automatic;
				CURRENT_PROJECT_VERSION = 1;
				DEVELOPMENT_TEAM = Q3NH456PVT;
				GENERATE_INFOPLIST_FILE = YES;
				INFOPLIST_FILE = WeatherApp/SupportingFiles/Info.plist;
				INFOPLIST_KEY_NSLocationWhenInUseUsageDescription = "Приложению необходимо использовать Ваше местоположение";
				INFOPLIST_KEY_UIApplicationSupportsIndirectInputEvents = YES;
				INFOPLIST_KEY_UILaunchStoryboardName = LaunchScreen;
				INFOPLIST_KEY_UISupportedInterfaceOrientations = UIInterfaceOrientationPortrait;
				INFOPLIST_KEY_UISupportedInterfaceOrientations_iPad = "UIInterfaceOrientationPortrait UIInterfaceOrientationPortraitUpsideDown UIInterfaceOrientationLandscapeLeft UIInterfaceOrientationLandscapeRight";
				INFOPLIST_KEY_UISupportedInterfaceOrientations_iPhone = "UIInterfaceOrientationPortrait UIInterfaceOrientationLandscapeLeft UIInterfaceOrientationLandscapeRight";
				LD_RUNPATH_SEARCH_PATHS = (
					"$(inherited)",
					"@executable_path/Frameworks",
				);
				MARKETING_VERSION = 1.0;
				PRODUCT_BUNDLE_IDENTIFIER = ru.VladimirIzmaylov.WeatherApp;
				PRODUCT_NAME = "$(TARGET_NAME)";
				SWIFT_EMIT_LOC_STRINGS = YES;
				SWIFT_VERSION = 5.0;
				TARGETED_DEVICE_FAMILY = 1;
			};
			name = Debug;
		};
		12FC0CEC28627AD900FDCCEA /* Release */ = {
			isa = XCBuildConfiguration;
			buildSettings = {
				ASSETCATALOG_COMPILER_APPICON_NAME = AppIcon;
				ASSETCATALOG_COMPILER_GLOBAL_ACCENT_COLOR_NAME = AccentColor;
				CODE_SIGN_STYLE = Automatic;
				CURRENT_PROJECT_VERSION = 1;
				DEVELOPMENT_TEAM = Q3NH456PVT;
				GENERATE_INFOPLIST_FILE = YES;
				INFOPLIST_FILE = WeatherApp/SupportingFiles/Info.plist;
				INFOPLIST_KEY_NSLocationWhenInUseUsageDescription = "Приложению необходимо использовать Ваше местоположение";
				INFOPLIST_KEY_UIApplicationSupportsIndirectInputEvents = YES;
				INFOPLIST_KEY_UILaunchStoryboardName = LaunchScreen;
				INFOPLIST_KEY_UISupportedInterfaceOrientations = UIInterfaceOrientationPortrait;
				INFOPLIST_KEY_UISupportedInterfaceOrientations_iPad = "UIInterfaceOrientationPortrait UIInterfaceOrientationPortraitUpsideDown UIInterfaceOrientationLandscapeLeft UIInterfaceOrientationLandscapeRight";
				INFOPLIST_KEY_UISupportedInterfaceOrientations_iPhone = "UIInterfaceOrientationPortrait UIInterfaceOrientationLandscapeLeft UIInterfaceOrientationLandscapeRight";
				LD_RUNPATH_SEARCH_PATHS = (
					"$(inherited)",
					"@executable_path/Frameworks",
				);
				MARKETING_VERSION = 1.0;
				PRODUCT_BUNDLE_IDENTIFIER = ru.VladimirIzmaylov.WeatherApp;
				PRODUCT_NAME = "$(TARGET_NAME)";
				SWIFT_EMIT_LOC_STRINGS = YES;
				SWIFT_VERSION = 5.0;
				TARGETED_DEVICE_FAMILY = 1;
			};
			name = Release;
		};
/* End XCBuildConfiguration section */

/* Begin XCConfigurationList section */
		12FC0CD128627AD700FDCCEA /* Build configuration list for PBXProject "WeatherApp" */ = {
			isa = XCConfigurationList;
			buildConfigurations = (
				12FC0CE828627AD900FDCCEA /* Debug */,
				12FC0CE928627AD900FDCCEA /* Release */,
			);
			defaultConfigurationIsVisible = 0;
			defaultConfigurationName = Release;
		};
		12FC0CEA28627AD900FDCCEA /* Build configuration list for PBXNativeTarget "WeatherApp" */ = {
			isa = XCConfigurationList;
			buildConfigurations = (
				12FC0CEB28627AD900FDCCEA /* Debug */,
				12FC0CEC28627AD900FDCCEA /* Release */,
			);
			defaultConfigurationIsVisible = 0;
			defaultConfigurationName = Release;
		};
/* End XCConfigurationList section */
	};
	rootObject = 12FC0CCE28627AD700FDCCEA /* Project object */;
}
